gitlab.com/yuttasakyo/quote v0.0.0-20190603094134-974e6e717290 h1:ybwdLEK8hC0YKDgeNuSExieAoM7zJ0/aWcjA/MFwcbQ=
gitlab.com/yuttasakyo/quote v0.0.0-20190603094134-974e6e717290/go.mod h1:QFVN3FaWHI/jktoM+T+T0PLNf1+NcmlDm2t6NqJV6/I=
gitlab.com/yuttasakyo/quote v0.1.0 h1:T5m6gYqLXqVg26rONpWpmOx2iQnXr1xKXuw3p8o7cQ4=
gitlab.com/yuttasakyo/quote v0.1.0/go.mod h1:QFVN3FaWHI/jktoM+T+T0PLNf1+NcmlDm2t6NqJV6/I=
